
Microsoft Visual Studio Solution File, Format Version 12.00
# Visual Studio 15
VisualStudioVersion = 15.0.26124.0
MinimumVisualStudioVersion = 15.0.26124.0
Project("{FAE04EC0-301F-11D3-BF4B-00C04F79EFBC}") = "iMovie.Api", "iMovie.Api\iMovie.Api.csproj", "{9D048812-754E-4906-9484-5C3F21FC9C27}"
EndProject
Project("{FAE04EC0-301F-11D3-BF4B-00C04F79EFBC}") = "iMovie.Facade", "iMovie.Facade\iMovie.Facade.csproj", "{DD3CAF64-E335-4B7C-A911-1DC785431473}"
EndProject
Project("{FAE04EC0-301F-11D3-BF4B-00C04F79EFBC}") = "iMovie.Domain", "iMovie.Domain\iMovie.Domain.csproj", "{E6352AD2-4F25-4CF5-A867-E57E34E8A170}"
EndProject
Project("{FAE04EC0-301F-11D3-BF4B-00C04F79EFBC}") = "iMovie.Facade.Tests", "iMovie.Facade.Tests\iMovie.Facade.Tests.csproj", "{C7BA6C19-F42E-49E6-BE1B-DD47B86E02EB}"
EndProject
Project("{FAE04EC0-301F-11D3-BF4B-00C04F79EFBC}") = "iMovie.Core", "iMovie.Core\iMovie.Core.csproj", "{CE1C7449-2C01-456A-AEE0-0F16C5EE0726}"
EndProject
Global
	GlobalSection(SolutionConfigurationPlatforms) = preSolution
		Debug|Any CPU = Debug|Any CPU
		Debug|x64 = Debug|x64
		Debug|x86 = Debug|x86
		Release|Any CPU = Release|Any CPU
		Release|x64 = Release|x64
		Release|x86 = Release|x86
	EndGlobalSection
	GlobalSection(SolutionProperties) = preSolution
		HideSolutionNode = FALSE
	EndGlobalSection
	GlobalSection(ProjectConfigurationPlatforms) = postSolution
		{9D048812-754E-4906-9484-5C3F21FC9C27}.Debug|Any CPU.ActiveCfg = Debug|Any CPU
		{9D048812-754E-4906-9484-5C3F21FC9C27}.Debug|Any CPU.Build.0 = Debug|Any CPU
		{9D048812-754E-4906-9484-5C3F21FC9C27}.Debug|x64.ActiveCfg = Debug|Any CPU
		{9D048812-754E-4906-9484-5C3F21FC9C27}.Debug|x64.Build.0 = Debug|Any CPU
		{9D048812-754E-4906-9484-5C3F21FC9C27}.Debug|x86.ActiveCfg = Debug|Any CPU
		{9D048812-754E-4906-9484-5C3F21FC9C27}.Debug|x86.Build.0 = Debug|Any CPU
		{9D048812-754E-4906-9484-5C3F21FC9C27}.Release|Any CPU.ActiveCfg = Release|Any CPU
		{9D048812-754E-4906-9484-5C3F21FC9C27}.Release|Any CPU.Build.0 = Release|Any CPU
		{9D048812-754E-4906-9484-5C3F21FC9C27}.Release|x64.ActiveCfg = Release|Any CPU
		{9D048812-754E-4906-9484-5C3F21FC9C27}.Release|x64.Build.0 = Release|Any CPU
		{9D048812-754E-4906-9484-5C3F21FC9C27}.Release|x86.ActiveCfg = Release|Any CPU
		{9D048812-754E-4906-9484-5C3F21FC9C27}.Release|x86.Build.0 = Release|Any CPU
		{DD3CAF64-E335-4B7C-A911-1DC785431473}.Debug|Any CPU.ActiveCfg = Debug|Any CPU
		{DD3CAF64-E335-4B7C-A911-1DC785431473}.Debug|Any CPU.Build.0 = Debug|Any CPU
		{DD3CAF64-E335-4B7C-A911-1DC785431473}.Debug|x64.ActiveCfg = Debug|Any CPU
		{DD3CAF64-E335-4B7C-A911-1DC785431473}.Debug|x64.Build.0 = Debug|Any CPU
		{DD3CAF64-E335-4B7C-A911-1DC785431473}.Debug|x86.ActiveCfg = Debug|Any CPU
		{DD3CAF64-E335-4B7C-A911-1DC785431473}.Debug|x86.Build.0 = Debug|Any CPU
		{DD3CAF64-E335-4B7C-A911-1DC785431473}.Release|Any CPU.ActiveCfg = Release|Any CPU
		{DD3CAF64-E335-4B7C-A911-1DC785431473}.Release|Any CPU.Build.0 = Release|Any CPU
		{DD3CAF64-E335-4B7C-A911-1DC785431473}.Release|x64.ActiveCfg = Release|Any CPU
		{DD3CAF64-E335-4B7C-A911-1DC785431473}.Release|x64.Build.0 = Release|Any CPU
		{DD3CAF64-E335-4B7C-A911-1DC785431473}.Release|x86.ActiveCfg = Release|Any CPU
		{DD3CAF64-E335-4B7C-A911-1DC785431473}.Release|x86.Build.0 = Release|Any CPU
		{E6352AD2-4F25-4CF5-A867-E57E34E8A170}.Debug|Any CPU.ActiveCfg = Debug|Any CPU
		{E6352AD2-4F25-4CF5-A867-E57E34E8A170}.Debug|Any CPU.Build.0 = Debug|Any CPU
		{E6352AD2-4F25-4CF5-A867-E57E34E8A170}.Debug|x64.ActiveCfg = Debug|Any CPU
		{E6352AD2-4F25-4CF5-A867-E57E34E8A170}.Debug|x64.Build.0 = Debug|Any CPU
		{E6352AD2-4F25-4CF5-A867-E57E34E8A170}.Debug|x86.ActiveCfg = Debug|Any CPU
		{E6352AD2-4F25-4CF5-A867-E57E34E8A170}.Debug|x86.Build.0 = Debug|Any CPU
		{E6352AD2-4F25-4CF5-A867-E57E34E8A170}.Release|Any CPU.ActiveCfg = Release|Any CPU
		{E6352AD2-4F25-4CF5-A867-E57E34E8A170}.Release|Any CPU.Build.0 = Release|Any CPU
		{E6352AD2-4F25-4CF5-A867-E57E34E8A170}.Release|x64.ActiveCfg = Release|Any CPU
		{E6352AD2-4F25-4CF5-A867-E57E34E8A170}.Release|x64.Build.0 = Release|Any CPU
		{E6352AD2-4F25-4CF5-A867-E57E34E8A170}.Release|x86.ActiveCfg = Release|Any CPU
		{E6352AD2-4F25-4CF5-A867-E57E34E8A170}.Release|x86.Build.0 = Release|Any CPU
		{C7BA6C19-F42E-49E6-BE1B-DD47B86E02EB}.Debug|Any CPU.ActiveCfg = Debug|Any CPU
		{C7BA6C19-F42E-49E6-BE1B-DD47B86E02EB}.Debug|Any CPU.Build.0 = Debug|Any CPU
		{C7BA6C19-F42E-49E6-BE1B-DD47B86E02EB}.Debug|x64.ActiveCfg = Debug|Any CPU
		{C7BA6C19-F42E-49E6-BE1B-DD47B86E02EB}.Debug|x64.Build.0 = Debug|Any CPU
		{C7BA6C19-F42E-49E6-BE1B-DD47B86E02EB}.Debug|x86.ActiveCfg = Debug|Any CPU
		{C7BA6C19-F42E-49E6-BE1B-DD47B86E02EB}.Debug|x86.Build.0 = Debug|Any CPU
		{C7BA6C19-F42E-49E6-BE1B-DD47B86E02EB}.Release|Any CPU.ActiveCfg = Release|Any CPU
		{C7BA6C19-F42E-49E6-BE1B-DD47B86E02EB}.Release|Any CPU.Build.0 = Release|Any CPU
		{C7BA6C19-F42E-49E6-BE1B-DD47B86E02EB}.Release|x64.ActiveCfg = Release|Any CPU
		{C7BA6C19-F42E-49E6-BE1B-DD47B86E02EB}.Release|x64.Build.0 = Release|Any CPU
		{C7BA6C19-F42E-49E6-BE1B-DD47B86E02EB}.Release|x86.ActiveCfg = Release|Any CPU
		{C7BA6C19-F42E-49E6-BE1B-DD47B86E02EB}.Release|x86.Build.0 = Release|Any CPU
		{CE1C7449-2C01-456A-AEE0-0F16C5EE0726}.Debug|Any CPU.ActiveCfg = Debug|Any CPU
		{CE1C7449-2C01-456A-AEE0-0F16C5EE0726}.Debug|Any CPU.Build.0 = Debug|Any CPU
		{CE1C7449-2C01-456A-AEE0-0F16C5EE0726}.Debug|x64.ActiveCfg = Debug|Any CPU
		{CE1C7449-2C01-456A-AEE0-0F16C5EE0726}.Debug|x64.Build.0 = Debug|Any CPU
		{CE1C7449-2C01-456A-AEE0-0F16C5EE0726}.Debug|x86.ActiveCfg = Debug|Any CPU
		{CE1C7449-2C01-456A-AEE0-0F16C5EE0726}.Debug|x86.Build.0 = Debug|Any CPU
		{CE1C7449-2C01-456A-AEE0-0F16C5EE0726}.Release|Any CPU.ActiveCfg = Release|Any CPU
		{CE1C7449-2C01-456A-AEE0-0F16C5EE0726}.Release|Any CPU.Build.0 = Release|Any CPU
		{CE1C7449-2C01-456A-AEE0-0F16C5EE0726}.Release|x64.ActiveCfg = Release|Any CPU
		{CE1C7449-2C01-456A-AEE0-0F16C5EE0726}.Release|x64.Build.0 = Release|Any CPU
		{CE1C7449-2C01-456A-AEE0-0F16C5EE0726}.Release|x86.ActiveCfg = Release|Any CPU
		{CE1C7449-2C01-456A-AEE0-0F16C5EE0726}.Release|x86.Build.0 = Release|Any CPU
	EndGlobalSection
EndGlobal
